Microsoft Visual Studio Solution File, Format Version 9.00
# Visual Studio 2005
Project("{FAE04EC0-301F-11D3-BF4B-00C04F79EFBC}") = "EmailSender", "EmailSender\EmailSender.csproj", "{8BAF09DB-CC50-42BD-84C9-F4AC6845128D}"
EndProject
Project("{54435603-DBB4-11D2-8724-00A0C9A8B90C}") = "SetupEmailSender", "SetupEmailSender\SetupEmailSender.vdproj", "{F596AE6E-CB0F-4165-8B65-6425D7A514F9}"
EndProject
Project("{FAE04EC0-301F-11D3-BF4B-00C04F79EFBC}") = "Net", "NET\Net.csproj", "{7AB36CCF-5FFD-4780-A54E-A102ECA028B5}"
EndProject
Global
	GlobalSection(SolutionConfigurationPlatforms) = preSolution
		Debug|Any CPU = Debug|Any CPU
		Release|Any CPU = Release|Any CPU
	EndGlobalSection
	GlobalSection(ProjectConfigurationPlatforms) = postSolution
		{8BAF09DB-CC50-42BD-84C9-F4AC6845128D}.Debug|Any CPU.ActiveCfg = Debug|Any CPU
		{8BAF09DB-CC50-42BD-84C9-F4AC6845128D}.Debug|Any CPU.Build.0 = Debug|Any CPU
		{8BAF09DB-CC50-42BD-84C9-F4AC6845128D}.Release|Any CPU.ActiveCfg = Release|Any CPU
		{8BAF09DB-CC50-42BD-84C9-F4AC6845128D}.Release|Any CPU.Build.0 = Release|Any CPU
		{F596AE6E-CB0F-4165-8B65-6425D7A514F9}.Debug|Any CPU.ActiveCfg = Debug
		{F596AE6E-CB0F-4165-8B65-6425D7A514F9}.Release|Any CPU.ActiveCfg = Release
		{7AB36CCF-5FFD-4780-A54E-A102ECA028B5}.Debug|Any CPU.ActiveCfg = Debug|Any CPU
		{7AB36CCF-5FFD-4780-A54E-A102ECA028B5}.Debug|Any CPU.Build.0 = Debug|Any CPU
		{7AB36CCF-5FFD-4780-A54E-A102ECA028B5}.Release|Any CPU.ActiveCfg = Release|Any CPU
		{7AB36CCF-5FFD-4780-A54E-A102ECA028B5}.Release|Any CPU.Build.0 = Release|Any CPU
	EndGlobalSection
	GlobalSection(SolutionProperties) = preSolution
		HideSolutionNode = FALSE
	EndGlobalSection
EndGlobal
